
Microsoft Visual Studio Solution File, Format Version 12.00
# Visual Studio Version 17
VisualStudioVersion = 17.1.32421.90
MinimumVisualStudioVersion = 10.0.40219.1
Project("{FAE04EC0-301F-11D3-BF4B-00C04F79EFBC}") = "Construtores", "Construtores\Construtores.csproj", "{D4B4FE25-02B9-4AB1-B66C-CAFF8DD7D7CF}"
EndProject
Project("{FAE04EC0-301F-11D3-BF4B-00C04F79EFBC}") = "Sobrecarga", "Sobrecarga\Sobrecarga.csproj", "{C6CC82F9-B3AF-4EE3-A04F-5E014E50B3D4}"
EndProject
Project("{FAE04EC0-301F-11D3-BF4B-00C04F79EFBC}") = "Encapsulamento_pt1", "Encapsulamento_pt1\Encapsulamento_pt1.csproj", "{08A783A9-12F6-43CE-84D2-10D82AD5306C}"
EndProject
Project("{FAE04EC0-301F-11D3-BF4B-00C04F79EFBC}") = "Properties", "Properties\Properties.csproj", "{FB8B0DC6-2278-43C1-96A2-776B0939ABC7}"
EndProject
Project("{FAE04EC0-301F-11D3-BF4B-00C04F79EFBC}") = "Auto_Properties", "Auto_Properties\Auto_Properties.csproj", "{6D9F495F-9D7B-4187-9177-83EBBDE80E3D}"
EndProject
Global
	GlobalSection(SolutionConfigurationPlatforms) = preSolution
		Debug|Any CPU = Debug|Any CPU
		Release|Any CPU = Release|Any CPU
	EndGlobalSection
	GlobalSection(ProjectConfigurationPlatforms) = postSolution
		{D4B4FE25-02B9-4AB1-B66C-CAFF8DD7D7CF}.Debug|Any CPU.ActiveCfg = Debug|Any CPU
		{D4B4FE25-02B9-4AB1-B66C-CAFF8DD7D7CF}.Debug|Any CPU.Build.0 = Debug|Any CPU
		{D4B4FE25-02B9-4AB1-B66C-CAFF8DD7D7CF}.Release|Any CPU.ActiveCfg = Release|Any CPU
		{D4B4FE25-02B9-4AB1-B66C-CAFF8DD7D7CF}.Release|Any CPU.Build.0 = Release|Any CPU
		{C6CC82F9-B3AF-4EE3-A04F-5E014E50B3D4}.Debug|Any CPU.ActiveCfg = Debug|Any CPU
		{C6CC82F9-B3AF-4EE3-A04F-5E014E50B3D4}.Debug|Any CPU.Build.0 = Debug|Any CPU
		{C6CC82F9-B3AF-4EE3-A04F-5E014E50B3D4}.Release|Any CPU.ActiveCfg = Release|Any CPU
		{C6CC82F9-B3AF-4EE3-A04F-5E014E50B3D4}.Release|Any CPU.Build.0 = Release|Any CPU
		{08A783A9-12F6-43CE-84D2-10D82AD5306C}.Debug|Any CPU.ActiveCfg = Debug|Any CPU
		{08A783A9-12F6-43CE-84D2-10D82AD5306C}.Debug|Any CPU.Build.0 = Debug|Any CPU
		{08A783A9-12F6-43CE-84D2-10D82AD5306C}.Release|Any CPU.ActiveCfg = Release|Any CPU
		{08A783A9-12F6-43CE-84D2-10D82AD5306C}.Release|Any CPU.Build.0 = Release|Any CPU
		{FB8B0DC6-2278-43C1-96A2-776B0939ABC7}.Debug|Any CPU.ActiveCfg = Debug|Any CPU
		{FB8B0DC6-2278-43C1-96A2-776B0939ABC7}.Debug|Any CPU.Build.0 = Debug|Any CPU
		{FB8B0DC6-2278-43C1-96A2-776B0939ABC7}.Release|Any CPU.ActiveCfg = Release|Any CPU
		{FB8B0DC6-2278-43C1-96A2-776B0939ABC7}.Release|Any CPU.Build.0 = Release|Any CPU
		{6D9F495F-9D7B-4187-9177-83EBBDE80E3D}.Debug|Any CPU.ActiveCfg = Debug|Any CPU
		{6D9F495F-9D7B-4187-9177-83EBBDE80E3D}.Debug|Any CPU.Build.0 = Debug|Any CPU
		{6D9F495F-9D7B-4187-9177-83EBBDE80E3D}.Release|Any CPU.ActiveCfg = Release|Any CPU
		{6D9F495F-9D7B-4187-9177-83EBBDE80E3D}.Release|Any CPU.Build.0 = Release|Any CPU
	EndGlobalSection
	GlobalSection(SolutionProperties) = preSolution
		HideSolutionNode = FALSE
	EndGlobalSection
	GlobalSection(ExtensibilityGlobals) = postSolution
		SolutionGuid = {900AB2AF-9316-4872-A936-7614A88FBDF7}
	EndGlobalSection
EndGlobal
